
Microsoft Visual Studio Solution File, Format Version 12.00
# Visual Studio 15
VisualStudioVersion = 15.0.27703.2047
MinimumVisualStudioVersion = 10.0.40219.1
Project("{8BC9CEB8-8B4A-11D0-8D11-00A0C91BC942}") = "1. 有一批共n个集装箱要装上2艘载重量分别为C1和C2的轮船，其中集装箱i的重量为wi，且∑wi≤C1+C2。装载问题要求", "1. 有一批共n个集装箱要装上2艘载重量分别为C1和C2的轮船，其中集装箱i的重量为wi，且∑wi≤C1+C2。装载问题要求.vcxproj", "{72EF3190-2553-4DAD-8D98-D7248E9E51DA}"
EndProject
Global
	GlobalSection(SolutionConfigurationPlatforms) = preSolution
		Debug|x64 = Debug|x64
		Debug|x86 = Debug|x86
		Release|x64 = Release|x64
		Release|x86 = Release|x86
	EndGlobalSection
	GlobalSection(ProjectConfigurationPlatforms) = postSolution
		{72EF3190-2553-4DAD-8D98-D7248E9E51DA}.Debug|x64.ActiveCfg = Debug|x64
		{72EF3190-2553-4DAD-8D98-D7248E9E51DA}.Debug|x64.Build.0 = Debug|x64
		{72EF3190-2553-4DAD-8D98-D7248E9E51DA}.Debug|x86.ActiveCfg = Debug|Win32
		{72EF3190-2553-4DAD-8D98-D7248E9E51DA}.Debug|x86.Build.0 = Debug|Win32
		{72EF3190-2553-4DAD-8D98-D7248E9E51DA}.Release|x64.ActiveCfg = Release|x64
		{72EF3190-2553-4DAD-8D98-D7248E9E51DA}.Release|x64.Build.0 = Release|x64
		{72EF3190-2553-4DAD-8D98-D7248E9E51DA}.Release|x86.ActiveCfg = Release|Win32
		{72EF3190-2553-4DAD-8D98-D7248E9E51DA}.Release|x86.Build.0 = Release|Win32
	EndGlobalSection
	GlobalSection(SolutionProperties) = preSolution
		HideSolutionNode = FALSE
	EndGlobalSection
	GlobalSection(ExtensibilityGlobals) = postSolution
		SolutionGuid = {1B6ECE8F-A013-42A2-BCAB-C1B8041C39B0}
	EndGlobalSection
EndGlobal
