
Microsoft Visual Studio Solution File, Format Version 12.00
# Visual Studio 15
VisualStudioVersion = 15.0.27703.2047
MinimumVisualStudioVersion = 10.0.40219.1
Project("{8BC9CEB8-8B4A-11D0-8D11-00A0C91BC942}") = "测试程序", "测试程序.vcxproj", "{DA35C3F8-B35F-410F-A3C2-E823810BBB50}"
EndProject
Global
	GlobalSection(SolutionConfigurationPlatforms) = preSolution
		Debug|x64 = Debug|x64
		Debug|x86 = Debug|x86
		Release|x64 = Release|x64
		Release|x86 = Release|x86
	EndGlobalSection
	GlobalSection(ProjectConfigurationPlatforms) = postSolution
		{DA35C3F8-B35F-410F-A3C2-E823810BBB50}.Debug|x64.ActiveCfg = Debug|x64
		{DA35C3F8-B35F-410F-A3C2-E823810BBB50}.Debug|x64.Build.0 = Debug|x64
		{DA35C3F8-B35F-410F-A3C2-E823810BBB50}.Debug|x86.ActiveCfg = Debug|Win32
		{DA35C3F8-B35F-410F-A3C2-E823810BBB50}.Debug|x86.Build.0 = Debug|Win32
		{DA35C3F8-B35F-410F-A3C2-E823810BBB50}.Release|x64.ActiveCfg = Release|x64
		{DA35C3F8-B35F-410F-A3C2-E823810BBB50}.Release|x64.Build.0 = Release|x64
		{DA35C3F8-B35F-410F-A3C2-E823810BBB50}.Release|x86.ActiveCfg = Release|Win32
		{DA35C3F8-B35F-410F-A3C2-E823810BBB50}.Release|x86.Build.0 = Release|Win32
	EndGlobalSection
	GlobalSection(SolutionProperties) = preSolution
		HideSolutionNode = FALSE
	EndGlobalSection
	GlobalSection(ExtensibilityGlobals) = postSolution
		SolutionGuid = {666DD826-AE24-460C-99B1-B86CAD84A0F4}
	EndGlobalSection
EndGlobal
