
Microsoft Visual Studio Solution File, Format Version 12.00
# Visual Studio 15
VisualStudioVersion = 15.0.27703.2047
MinimumVisualStudioVersion = 10.0.40219.1
Project("{8BC9CEB8-8B4A-11D0-8D11-00A0C91BC942}") = "201403-2 窗口", "201403-2 窗口\201403-2 窗口.vcxproj", "{72BA6C43-B672-42A3-B3A2-3BA13FBD4AFE}"
EndProject
Global
	GlobalSection(SolutionConfigurationPlatforms) = preSolution
		Debug|x64 = Debug|x64
		Debug|x86 = Debug|x86
		Release|x64 = Release|x64
		Release|x86 = Release|x86
	EndGlobalSection
	GlobalSection(ProjectConfigurationPlatforms) = postSolution
		{72BA6C43-B672-42A3-B3A2-3BA13FBD4AFE}.Debug|x64.ActiveCfg = Debug|x64
		{72BA6C43-B672-42A3-B3A2-3BA13FBD4AFE}.Debug|x64.Build.0 = Debug|x64
		{72BA6C43-B672-42A3-B3A2-3BA13FBD4AFE}.Debug|x86.ActiveCfg = Debug|Win32
		{72BA6C43-B672-42A3-B3A2-3BA13FBD4AFE}.Debug|x86.Build.0 = Debug|Win32
		{72BA6C43-B672-42A3-B3A2-3BA13FBD4AFE}.Release|x64.ActiveCfg = Release|x64
		{72BA6C43-B672-42A3-B3A2-3BA13FBD4AFE}.Release|x64.Build.0 = Release|x64
		{72BA6C43-B672-42A3-B3A2-3BA13FBD4AFE}.Release|x86.ActiveCfg = Release|Win32
		{72BA6C43-B672-42A3-B3A2-3BA13FBD4AFE}.Release|x86.Build.0 = Release|Win32
	EndGlobalSection
	GlobalSection(SolutionProperties) = preSolution
		HideSolutionNode = FALSE
	EndGlobalSection
	GlobalSection(ExtensibilityGlobals) = postSolution
		SolutionGuid = {A583663F-EADB-4E40-B7B0-8C5095D51F96}
	EndGlobalSection
EndGlobal
