
Microsoft Visual Studio Solution File, Format Version 12.00
# Visual Studio 15
VisualStudioVersion = 15.0.27703.2047
MinimumVisualStudioVersion = 10.0.40219.1
Project("{8BC9CEB8-8B4A-11D0-8D11-00A0C91BC942}") = "重载运算符和重载函数", "重载运算符和重载函数.vcxproj", "{E98C2981-3B81-4A5D-8D81-C406066CF363}"
EndProject
Global
	GlobalSection(SolutionConfigurationPlatforms) = preSolution
		Debug|x64 = Debug|x64
		Debug|x86 = Debug|x86
		Release|x64 = Release|x64
		Release|x86 = Release|x86
	EndGlobalSection
	GlobalSection(ProjectConfigurationPlatforms) = postSolution
		{E98C2981-3B81-4A5D-8D81-C406066CF363}.Debug|x64.ActiveCfg = Debug|x64
		{E98C2981-3B81-4A5D-8D81-C406066CF363}.Debug|x64.Build.0 = Debug|x64
		{E98C2981-3B81-4A5D-8D81-C406066CF363}.Debug|x86.ActiveCfg = Debug|Win32
		{E98C2981-3B81-4A5D-8D81-C406066CF363}.Debug|x86.Build.0 = Debug|Win32
		{E98C2981-3B81-4A5D-8D81-C406066CF363}.Release|x64.ActiveCfg = Release|x64
		{E98C2981-3B81-4A5D-8D81-C406066CF363}.Release|x64.Build.0 = Release|x64
		{E98C2981-3B81-4A5D-8D81-C406066CF363}.Release|x86.ActiveCfg = Release|Win32
		{E98C2981-3B81-4A5D-8D81-C406066CF363}.Release|x86.Build.0 = Release|Win32
	EndGlobalSection
	GlobalSection(SolutionProperties) = preSolution
		HideSolutionNode = FALSE
	EndGlobalSection
	GlobalSection(ExtensibilityGlobals) = postSolution
		SolutionGuid = {6BFF6E8F-2BA9-4975-8F42-54E00F982DBC}
	EndGlobalSection
EndGlobal
