
Microsoft Visual Studio Solution File, Format Version 12.00
# Visual Studio 15
VisualStudioVersion = 15.0.27703.2047
MinimumVisualStudioVersion = 10.0.40219.1
Project("{8BC9CEB8-8B4A-11D0-8D11-00A0C91BC942}") = "2. 设计一个递归算法生成n个元素{r1,r2,…,rn}的全排列", "2. 设计一个递归算法生成n个元素{r1,r2,…,rn}的全排列.vcxproj", "{51B87E02-8E68-4FC3-A339-4D67ECF49E34}"
EndProject
Global
	GlobalSection(SolutionConfigurationPlatforms) = preSolution
		Debug|x64 = Debug|x64
		Debug|x86 = Debug|x86
		Release|x64 = Release|x64
		Release|x86 = Release|x86
	EndGlobalSection
	GlobalSection(ProjectConfigurationPlatforms) = postSolution
		{51B87E02-8E68-4FC3-A339-4D67ECF49E34}.Debug|x64.ActiveCfg = Debug|x64
		{51B87E02-8E68-4FC3-A339-4D67ECF49E34}.Debug|x64.Build.0 = Debug|x64
		{51B87E02-8E68-4FC3-A339-4D67ECF49E34}.Debug|x86.ActiveCfg = Debug|Win32
		{51B87E02-8E68-4FC3-A339-4D67ECF49E34}.Debug|x86.Build.0 = Debug|Win32
		{51B87E02-8E68-4FC3-A339-4D67ECF49E34}.Release|x64.ActiveCfg = Release|x64
		{51B87E02-8E68-4FC3-A339-4D67ECF49E34}.Release|x64.Build.0 = Release|x64
		{51B87E02-8E68-4FC3-A339-4D67ECF49E34}.Release|x86.ActiveCfg = Release|Win32
		{51B87E02-8E68-4FC3-A339-4D67ECF49E34}.Release|x86.Build.0 = Release|Win32
	EndGlobalSection
	GlobalSection(SolutionProperties) = preSolution
		HideSolutionNode = FALSE
	EndGlobalSection
	GlobalSection(ExtensibilityGlobals) = postSolution
		SolutionGuid = {2754EAD7-8D79-4B3F-B4BD-55BDBA9722E6}
	EndGlobalSection
EndGlobal
