
Microsoft Visual Studio Solution File, Format Version 12.00
# Visual Studio 15
VisualStudioVersion = 15.0.27703.2047
MinimumVisualStudioVersion = 10.0.40219.1
Project("{8BC9CEB8-8B4A-11D0-8D11-00A0C91BC942}") = "1094 谷歌的招聘", "1094 谷歌的招聘\1094 谷歌的招聘.vcxproj", "{C885D381-FEAC-4356-8ED9-DC53B93D5FC1}"
EndProject
Global
	GlobalSection(SolutionConfigurationPlatforms) = preSolution
		Debug|x64 = Debug|x64
		Debug|x86 = Debug|x86
		Release|x64 = Release|x64
		Release|x86 = Release|x86
	EndGlobalSection
	GlobalSection(ProjectConfigurationPlatforms) = postSolution
		{C885D381-FEAC-4356-8ED9-DC53B93D5FC1}.Debug|x64.ActiveCfg = Debug|x64
		{C885D381-FEAC-4356-8ED9-DC53B93D5FC1}.Debug|x64.Build.0 = Debug|x64
		{C885D381-FEAC-4356-8ED9-DC53B93D5FC1}.Debug|x86.ActiveCfg = Debug|Win32
		{C885D381-FEAC-4356-8ED9-DC53B93D5FC1}.Debug|x86.Build.0 = Debug|Win32
		{C885D381-FEAC-4356-8ED9-DC53B93D5FC1}.Release|x64.ActiveCfg = Release|x64
		{C885D381-FEAC-4356-8ED9-DC53B93D5FC1}.Release|x64.Build.0 = Release|x64
		{C885D381-FEAC-4356-8ED9-DC53B93D5FC1}.Release|x86.ActiveCfg = Release|Win32
		{C885D381-FEAC-4356-8ED9-DC53B93D5FC1}.Release|x86.Build.0 = Release|Win32
	EndGlobalSection
	GlobalSection(SolutionProperties) = preSolution
		HideSolutionNode = FALSE
	EndGlobalSection
	GlobalSection(ExtensibilityGlobals) = postSolution
		SolutionGuid = {BBAB8532-B9C3-4029-A29D-B875F43160E8}
	EndGlobalSection
EndGlobal
