
Microsoft Visual Studio Solution File, Format Version 12.00
# Visual Studio 15
VisualStudioVersion = 15.0.27703.2047
MinimumVisualStudioVersion = 10.0.40219.1
Project("{8BC9CEB8-8B4A-11D0-8D11-00A0C91BC942}") = "顺序栈", "顺序栈\顺序栈.vcxproj", "{6910F87E-371C-4D72-9C2C-BA23109BFB48}"
EndProject
Global
	GlobalSection(SolutionConfigurationPlatforms) = preSolution
		Debug|x64 = Debug|x64
		Debug|x86 = Debug|x86
		Release|x64 = Release|x64
		Release|x86 = Release|x86
	EndGlobalSection
	GlobalSection(ProjectConfigurationPlatforms) = postSolution
		{6910F87E-371C-4D72-9C2C-BA23109BFB48}.Debug|x64.ActiveCfg = Debug|x64
		{6910F87E-371C-4D72-9C2C-BA23109BFB48}.Debug|x64.Build.0 = Debug|x64
		{6910F87E-371C-4D72-9C2C-BA23109BFB48}.Debug|x86.ActiveCfg = Debug|Win32
		{6910F87E-371C-4D72-9C2C-BA23109BFB48}.Debug|x86.Build.0 = Debug|Win32
		{6910F87E-371C-4D72-9C2C-BA23109BFB48}.Release|x64.ActiveCfg = Release|x64
		{6910F87E-371C-4D72-9C2C-BA23109BFB48}.Release|x64.Build.0 = Release|x64
		{6910F87E-371C-4D72-9C2C-BA23109BFB48}.Release|x86.ActiveCfg = Release|Win32
		{6910F87E-371C-4D72-9C2C-BA23109BFB48}.Release|x86.Build.0 = Release|Win32
	EndGlobalSection
	GlobalSection(SolutionProperties) = preSolution
		HideSolutionNode = FALSE
	EndGlobalSection
	GlobalSection(ExtensibilityGlobals) = postSolution
		SolutionGuid = {2A11F328-11BB-495C-8F83-5C58DFEAA55E}
	EndGlobalSection
EndGlobal
