
Microsoft Visual Studio Solution File, Format Version 12.00
# Visual Studio 15
VisualStudioVersion = 15.0.27703.2047
MinimumVisualStudioVersion = 10.0.40219.1
Project("{8BC9CEB8-8B4A-11D0-8D11-00A0C91BC942}") = "邻接矩阵储存无向图", "邻接矩阵储存无向图\邻接矩阵储存无向图.vcxproj", "{8BC107EC-47E5-411A-B2B6-5C6D0A96039C}"
EndProject
Global
	GlobalSection(SolutionConfigurationPlatforms) = preSolution
		Debug|x64 = Debug|x64
		Debug|x86 = Debug|x86
		Release|x64 = Release|x64
		Release|x86 = Release|x86
	EndGlobalSection
	GlobalSection(ProjectConfigurationPlatforms) = postSolution
		{8BC107EC-47E5-411A-B2B6-5C6D0A96039C}.Debug|x64.ActiveCfg = Debug|x64
		{8BC107EC-47E5-411A-B2B6-5C6D0A96039C}.Debug|x64.Build.0 = Debug|x64
		{8BC107EC-47E5-411A-B2B6-5C6D0A96039C}.Debug|x86.ActiveCfg = Debug|Win32
		{8BC107EC-47E5-411A-B2B6-5C6D0A96039C}.Debug|x86.Build.0 = Debug|Win32
		{8BC107EC-47E5-411A-B2B6-5C6D0A96039C}.Release|x64.ActiveCfg = Release|x64
		{8BC107EC-47E5-411A-B2B6-5C6D0A96039C}.Release|x64.Build.0 = Release|x64
		{8BC107EC-47E5-411A-B2B6-5C6D0A96039C}.Release|x86.ActiveCfg = Release|Win32
		{8BC107EC-47E5-411A-B2B6-5C6D0A96039C}.Release|x86.Build.0 = Release|Win32
	EndGlobalSection
	GlobalSection(SolutionProperties) = preSolution
		HideSolutionNode = FALSE
	EndGlobalSection
	GlobalSection(ExtensibilityGlobals) = postSolution
		SolutionGuid = {DC0E9334-86C5-4840-B782-E7F214D0E6A9}
	EndGlobalSection
EndGlobal
